<?xml version="1.0" encoding="utf-8"?>
<Project ToolsVersion="4.0" xmlns="http://schemas.microsoft.com/developer/msbuild/2003">
  <ItemGroup>
    <Filter Include="Source Files">
      <UniqueIdentifier>{4FC737F1-C7A5-4376-A066-2A32D752A2FF}</UniqueIdentifier>
      <Extensions>cpp;c;cc;cxx;c++;cppm;ixx;def;odl;idl;hpj;bat;asm;asmx</Extensions>
    </Filter>
    <Filter Include="Header Files">
      <UniqueIdentifier>{93995380-89BD-4b04-88EB-625FBE52EBFB}</UniqueIdentifier>
      <Extensions>h;hh;hpp;hxx;h++;hm;inl;inc;ipp;xsd</Extensions>
    </Filter>
    <Filter Include="Resource Files">
      <UniqueIdentifier>{67DA6AB6-F800-4c08-8B7A-83BB121AAD01}</UniqueIdentifier>
      <Extensions>rc;ico;cur;bmp;dlg;rc2;rct;bin;rgs;gif;jpg;jpeg;jpe;resx;tiff;tif;png;wav;mfcribbon-ms</Extensions>
    </Filter>
    <Filter Include="Header Files\CommandList">
      <UniqueIdentifier>{4dce9b68-f477-404f-8c04-e281b20d328d}</UniqueIdentifier>
    </Filter>
    <Filter Include="Source Files\CommandList">
      <UniqueIdentifier>{b7542322-60ea-4800-8473-67b61802083d}</UniqueIdentifier>
    </Filter>
    <Filter Include="Header Files\GraphicsDevice">
      <UniqueIdentifier>{a324133e-7ac2-496e-868b-9cd8e97ebbac}</UniqueIdentifier>
    </Filter>
    <Filter Include="Source Files\GraphicsDevice">
      <UniqueIdentifier>{8465f721-b1e3-4ddb-a67d-dcb0f5e09a3f}</UniqueIdentifier>
    </Filter>
    <Filter Include="Header Files\Adaptors">
      <UniqueIdentifier>{70eca43e-e5b0-4c05-92a1-2c969628de19}</UniqueIdentifier>
    </Filter>
    <Filter Include="Source Files\Adaptors">
      <UniqueIdentifier>{60791e1e-1746-4d4d-b7d6-9f57701aa591}</UniqueIdentifier>
    </Filter>
    <Filter Include="Header Files\API">
      <UniqueIdentifier>{811d0cba-067b-46ac-811d-f7133827e1c3}</UniqueIdentifier>
    </Filter>
    <Filter Include="Source Files\API">
      <UniqueIdentifier>{81ad73e5-2d64-4aa6-98c1-8051680f6954}</UniqueIdentifier>
    </Filter>
  </ItemGroup>
  <ItemGroup>
    <ClInclude Include="Source\Public\CommandList\CommandList.h">
      <Filter>Header Files\CommandList</Filter>
    </ClInclude>
    <ClInclude Include="Source\Public\GraphicsDevice\GraphicsDevice.h">
      <Filter>Header Files\GraphicsDevice</Filter>
    </ClInclude>
    <ClInclude Include="Source\Public\Adaptors\Adaptor.h">
      <Filter>Header Files\Adaptors</Filter>
    </ClInclude>
    <ClInclude Include="Source\Public\GraphicsInterface.h">
      <Filter>Header Files</Filter>
    </ClInclude>
    <ClInclude Include="Source\Public\GraphicsInterfaceCommon.h">
      <Filter>Header Files</Filter>
    </ClInclude>
    <ClInclude Include="Source\Public\GraphicsAPI\GraphicsAPI.h">
      <Filter>Header Files\API</Filter>
    </ClInclude>
  </ItemGroup>
  <ItemGroup>
    <ClCompile Include="Source\Private\CommandList\CommandList.cpp">
      <Filter>Source Files\CommandList</Filter>
    </ClCompile>
    <ClCompile Include="Source\Private\GraphicsDevice\GraphicsDevice.cpp">
      <Filter>Source Files\GraphicsDevice</Filter>
    </ClCompile>
    <ClCompile Include="Source\Private\Adaptors\Adaptor.cpp">
      <Filter>Source Files\Adaptors</Filter>
    </ClCompile>
    <ClCompile Include="Source\Private\GraphicsInterface.cpp">
      <Filter>Source Files</Filter>
    </ClCompile>
    <ClCompile Include="Source\Private\API\GraphicsAPI.cpp">
      <Filter>Source Files\API</Filter>
    </ClCompile>
  </ItemGroup>
</Project>