
Microsoft Visual Studio Solution File, Format Version 12.00
# Visual Studio Version 17
VisualStudioVersion = 17.2.32616.157
MinimumVisualStudioVersion = 10.0.40219.1
Project("{2150E333-8FDC-42A3-9474-1A3956D46DE8}") = "Examples", "Examples", "{8D0AB1E8-68E6-4AE5-9141-26C192AEDF03}"
EndProject
Project("{2150E333-8FDC-42A3-9474-1A3956D46DE8}") = "Libraries", "Libraries", "{F689290D-DD4F-4D32-88BB-F8D150F2C84D}"
EndProject
Project("{2150E333-8FDC-42A3-9474-1A3956D46DE8}") = "Editor", "Editor", "{E762E2BC-B409-4421-A4D1-72292AFC1AA1}"
EndProject
Project("{8BC9CEB8-8B4A-11D0-8D11-00A0C91BC942}") = "Notus", "Examples\Notus\Notus.vcxproj", "{09948B0C-E015-4EFA-A5E7-E6C6DB79E2CA}"
EndProject
Project("{2150E333-8FDC-42A3-9474-1A3956D46DE8}") = "Graphics", "Graphics", "{26F4E650-ABFD-4499-8A73-6BE2E6D84A26}"
EndProject
Project("{2150E333-8FDC-42A3-9474-1A3956D46DE8}") = "Math", "Math", "{B0947577-128C-448E-9B40-6B8904FE1F8A}"
EndProject
Project("{2150E333-8FDC-42A3-9474-1A3956D46DE8}") = "Framework", "Framework", "{4C7E0AAF-4345-46E4-8705-A2A6234CF086}"
EndProject
Project("{8BC9CEB8-8B4A-11D0-8D11-00A0C91BC942}") = "LibraryShell", "Libraries\Framework\LibraryShell\LibraryShell.vcxproj", "{88A09185-508F-49E8-A204-32E36759031D}"
EndProject
Project("{2150E333-8FDC-42A3-9474-1A3956D46DE8}") = "Audio", "Audio", "{944DB8D0-5AB4-44B1-8798-0D95AD43A2A2}"
EndProject
Project("{2150E333-8FDC-42A3-9474-1A3956D46DE8}") = "External", "External", "{7CD33EA8-B341-41A9-8DFF-54209254CE3B}"
EndProject
Project("{2150E333-8FDC-42A3-9474-1A3956D46DE8}") = "Memory", "Memory", "{4038BDFE-D38A-44E7-BA5E-9DEBA92BD827}"
EndProject
Project("{2150E333-8FDC-42A3-9474-1A3956D46DE8}") = "Pipeline", "Pipeline", "{CC31B9A3-C7A1-403D-B935-D8859E5269A4}"
EndProject
Project("{2150E333-8FDC-42A3-9474-1A3956D46DE8}") = "Systems", "Systems", "{98080893-51CF-4056-8E00-6957065E14CB}"
EndProject
Project("{8BC9CEB8-8B4A-11D0-8D11-00A0C91BC942}") = "MathLibrary", "Libraries\Math\MathLibrary\MathLibrary.vcxproj", "{D2D7A34B-DC29-4166-9075-8073047290C2}"
EndProject
Project("{8BC9CEB8-8B4A-11D0-8D11-00A0C91BC942}") = "MemoryLibrary", "Libraries\Memory\MemoryLibrary\MemoryLibrary.vcxproj", "{912EEF20-8C48-4808-AE1C-B9582226881D}"
EndProject
Project("{8BC9CEB8-8B4A-11D0-8D11-00A0C91BC942}") = "StringHashLibrary", "Libraries\Systems\StringHashLibrary\StringHashLibrary.vcxproj", "{40AC1FC2-D71B-4C73-80C5-41D7C38E1DD2}"
EndProject
Project("{8BC9CEB8-8B4A-11D0-8D11-00A0C91BC942}") = "RTTISystem", "Libraries\Systems\RTTISystem\RTTISystem.vcxproj", "{7450AB81-E48A-4EA7-B6CB-346D8111DDA8}"
EndProject
Project("{8BC9CEB8-8B4A-11D0-8D11-00A0C91BC942}") = "FileLibrary", "Libraries\Systems\FileLibrary\FileLibrary.vcxproj", "{B2D41C87-BC8E-4F19-A793-6C3374BAEC85}"
EndProject
Project("{8BC9CEB8-8B4A-11D0-8D11-00A0C91BC942}") = "StringLibrary", "Libraries\Systems\StringLibrary\StringLibrary.vcxproj", "{57D7A4FE-D6CB-465E-9695-8DD31D76CA8E}"
EndProject
Project("{2150E333-8FDC-42A3-9474-1A3956D46DE8}") = "Input", "Input", "{3738A14C-B324-4DBA-AC9B-776C383ADDD1}"
EndProject
Project("{8BC9CEB8-8B4A-11D0-8D11-00A0C91BC942}") = "TimerSystem", "Libraries\Systems\TimerSystem\TimerLibrary.vcxproj", "{584F120F-FDE7-4F37-A922-D53B7329F5BE}"
EndProject
Project("{8BC9CEB8-8B4A-11D0-8D11-00A0C91BC942}") = "MultithreadingLibrary", "Libraries\Systems\MultithreadingLibrary\MultithreadingLibrary.vcxproj", "{101A77EF-391F-47E4-BD6A-DC374FB07951}"
EndProject
Project("{8BC9CEB8-8B4A-11D0-8D11-00A0C91BC942}") = "InputInterfaceLibrary", "Libraries\Input\InputInterfaceLibrary\InputInterfaceLibrary.vcxproj", "{DCF38E83-A8C3-4A71-A59F-CF258FB72AB4}"
EndProject
Project("{2150E333-8FDC-42A3-9474-1A3956D46DE8}") = "ApplicationWindows", "ApplicationWindows", "{34457986-EF55-40DD-B8A4-F2B2C228E999}"
EndProject
Project("{2150E333-8FDC-42A3-9474-1A3956D46DE8}") = "APIs", "APIs", "{FDA1B9EA-8DF0-4EF4-BE8C-E79955B0C803}"
EndProject
Project("{8BC9CEB8-8B4A-11D0-8D11-00A0C91BC942}") = "DirectXGraphicsLibrary", "Libraries\Graphics\APIs\DirectXGraphicsLibrary\DirectXGraphicsLibrary.vcxproj", "{7BF46785-313D-4C0F-A3B4-932BDB90AD45}"
EndProject
Project("{8BC9CEB8-8B4A-11D0-8D11-00A0C91BC942}") = "GraphicsInterfaceLibrary", "Libraries\Graphics\APIs\GraphicsInterfaceLibrary\GraphicsInterfaceLibrary.vcxproj", "{FC8B283F-9521-4B78-B6FE-94943844639B}"
EndProject
Project("{8BC9CEB8-8B4A-11D0-8D11-00A0C91BC942}") = "VulkanGraphicsLibrary", "Libraries\Graphics\APIs\VulkanGraphicsLibrary\VulkanGraphicsLibrary.vcxproj", "{F89F107B-B0E2-48A1-BC86-C2DCFDECF236}"
EndProject
Project("{8BC9CEB8-8B4A-11D0-8D11-00A0C91BC942}") = "ApplicationWindowInterfaceLibrary", "Libraries\Systems\ApplicationWindows\ApplicationWindowInterfaceLibrary\ApplicationWindowInterfaceLibrary.vcxproj", "{43A7F8FB-6E5D-4C22-8613-C24AE17F22E0}"
EndProject
Project("{8BC9CEB8-8B4A-11D0-8D11-00A0C91BC942}") = "WindowsApplicationWindowLibrary", "Libraries\Systems\ApplicationWindows\WindowsApplicationWindowLibrary\WindowsApplicationWindowLibrary.vcxproj", "{EDF9906A-C36B-4759-9BCF-1BD99E8C8513}"
EndProject
Project("{8BC9CEB8-8B4A-11D0-8D11-00A0C91BC942}") = "GameInterface", "Libraries\Framework\GameInterface\GameInterface.vcxproj", "{ACED39FF-7FF8-4702-ABD1-E3F88F58A8B3}"
EndProject
Project("{8BC9CEB8-8B4A-11D0-8D11-00A0C91BC942}") = "BitManipulationLibrary", "Libraries\Systems\BitManipulationLibrary\BitManipulationLibrary.vcxproj", "{FDAF69A5-2558-49D3-9D32-EEFDBDFB10C4}"
EndProject
Project("{8BC9CEB8-8B4A-11D0-8D11-00A0C91BC942}") = "HashingLibrary", "Libraries\Systems\HashingLibrary\HashingLibrary.vcxproj", "{D04B23BC-9B4A-4E30-B122-3DB846C4C67C}"
EndProject
Global
	GlobalSection(SolutionConfigurationPlatforms) = preSolution
		Debug|x64 = Debug|x64
		Release|x64 = Release|x64
	EndGlobalSection
	GlobalSection(ProjectConfigurationPlatforms) = postSolution
		{09948B0C-E015-4EFA-A5E7-E6C6DB79E2CA}.Debug|x64.ActiveCfg = Debug|x64
		{09948B0C-E015-4EFA-A5E7-E6C6DB79E2CA}.Debug|x64.Build.0 = Debug|x64
		{09948B0C-E015-4EFA-A5E7-E6C6DB79E2CA}.Release|x64.ActiveCfg = Release|x64
		{09948B0C-E015-4EFA-A5E7-E6C6DB79E2CA}.Release|x64.Build.0 = Release|x64
		{88A09185-508F-49E8-A204-32E36759031D}.Debug|x64.ActiveCfg = Debug|x64
		{88A09185-508F-49E8-A204-32E36759031D}.Debug|x64.Build.0 = Debug|x64
		{88A09185-508F-49E8-A204-32E36759031D}.Release|x64.ActiveCfg = Release|x64
		{88A09185-508F-49E8-A204-32E36759031D}.Release|x64.Build.0 = Release|x64
		{D2D7A34B-DC29-4166-9075-8073047290C2}.Debug|x64.ActiveCfg = Debug|x64
		{D2D7A34B-DC29-4166-9075-8073047290C2}.Debug|x64.Build.0 = Debug|x64
		{D2D7A34B-DC29-4166-9075-8073047290C2}.Release|x64.ActiveCfg = Release|x64
		{D2D7A34B-DC29-4166-9075-8073047290C2}.Release|x64.Build.0 = Release|x64
		{912EEF20-8C48-4808-AE1C-B9582226881D}.Debug|x64.ActiveCfg = Debug|x64
		{912EEF20-8C48-4808-AE1C-B9582226881D}.Debug|x64.Build.0 = Debug|x64
		{912EEF20-8C48-4808-AE1C-B9582226881D}.Release|x64.ActiveCfg = Release|x64
		{912EEF20-8C48-4808-AE1C-B9582226881D}.Release|x64.Build.0 = Release|x64
		{40AC1FC2-D71B-4C73-80C5-41D7C38E1DD2}.Debug|x64.ActiveCfg = Debug|x64
		{40AC1FC2-D71B-4C73-80C5-41D7C38E1DD2}.Debug|x64.Build.0 = Debug|x64
		{40AC1FC2-D71B-4C73-80C5-41D7C38E1DD2}.Release|x64.ActiveCfg = Release|x64
		{40AC1FC2-D71B-4C73-80C5-41D7C38E1DD2}.Release|x64.Build.0 = Release|x64
		{7450AB81-E48A-4EA7-B6CB-346D8111DDA8}.Debug|x64.ActiveCfg = Release|x64
		{7450AB81-E48A-4EA7-B6CB-346D8111DDA8}.Debug|x64.Build.0 = Release|x64
		{7450AB81-E48A-4EA7-B6CB-346D8111DDA8}.Release|x64.ActiveCfg = Release|x64
		{7450AB81-E48A-4EA7-B6CB-346D8111DDA8}.Release|x64.Build.0 = Release|x64
		{B2D41C87-BC8E-4F19-A793-6C3374BAEC85}.Debug|x64.ActiveCfg = Debug|x64
		{B2D41C87-BC8E-4F19-A793-6C3374BAEC85}.Debug|x64.Build.0 = Debug|x64
		{B2D41C87-BC8E-4F19-A793-6C3374BAEC85}.Release|x64.ActiveCfg = Release|x64
		{B2D41C87-BC8E-4F19-A793-6C3374BAEC85}.Release|x64.Build.0 = Release|x64
		{57D7A4FE-D6CB-465E-9695-8DD31D76CA8E}.Debug|x64.ActiveCfg = Debug|x64
		{57D7A4FE-D6CB-465E-9695-8DD31D76CA8E}.Debug|x64.Build.0 = Debug|x64
		{57D7A4FE-D6CB-465E-9695-8DD31D76CA8E}.Release|x64.ActiveCfg = Release|x64
		{57D7A4FE-D6CB-465E-9695-8DD31D76CA8E}.Release|x64.Build.0 = Release|x64
		{584F120F-FDE7-4F37-A922-D53B7329F5BE}.Debug|x64.ActiveCfg = Debug|x64
		{584F120F-FDE7-4F37-A922-D53B7329F5BE}.Debug|x64.Build.0 = Debug|x64
		{584F120F-FDE7-4F37-A922-D53B7329F5BE}.Release|x64.ActiveCfg = Release|x64
		{584F120F-FDE7-4F37-A922-D53B7329F5BE}.Release|x64.Build.0 = Release|x64
		{101A77EF-391F-47E4-BD6A-DC374FB07951}.Debug|x64.ActiveCfg = Debug|x64
		{101A77EF-391F-47E4-BD6A-DC374FB07951}.Debug|x64.Build.0 = Debug|x64
		{101A77EF-391F-47E4-BD6A-DC374FB07951}.Release|x64.ActiveCfg = Release|x64
		{101A77EF-391F-47E4-BD6A-DC374FB07951}.Release|x64.Build.0 = Release|x64
		{DCF38E83-A8C3-4A71-A59F-CF258FB72AB4}.Debug|x64.ActiveCfg = Debug|x64
		{DCF38E83-A8C3-4A71-A59F-CF258FB72AB4}.Debug|x64.Build.0 = Debug|x64
		{DCF38E83-A8C3-4A71-A59F-CF258FB72AB4}.Release|x64.ActiveCfg = Release|x64
		{DCF38E83-A8C3-4A71-A59F-CF258FB72AB4}.Release|x64.Build.0 = Release|x64
		{7BF46785-313D-4C0F-A3B4-932BDB90AD45}.Debug|x64.ActiveCfg = Debug|x64
		{7BF46785-313D-4C0F-A3B4-932BDB90AD45}.Debug|x64.Build.0 = Debug|x64
		{7BF46785-313D-4C0F-A3B4-932BDB90AD45}.Release|x64.ActiveCfg = Release|x64
		{7BF46785-313D-4C0F-A3B4-932BDB90AD45}.Release|x64.Build.0 = Release|x64
		{FC8B283F-9521-4B78-B6FE-94943844639B}.Debug|x64.ActiveCfg = Debug|x64
		{FC8B283F-9521-4B78-B6FE-94943844639B}.Debug|x64.Build.0 = Debug|x64
		{FC8B283F-9521-4B78-B6FE-94943844639B}.Release|x64.ActiveCfg = Release|x64
		{FC8B283F-9521-4B78-B6FE-94943844639B}.Release|x64.Build.0 = Release|x64
		{F89F107B-B0E2-48A1-BC86-C2DCFDECF236}.Debug|x64.ActiveCfg = Debug|x64
		{F89F107B-B0E2-48A1-BC86-C2DCFDECF236}.Debug|x64.Build.0 = Debug|x64
		{F89F107B-B0E2-48A1-BC86-C2DCFDECF236}.Release|x64.ActiveCfg = Release|x64
		{F89F107B-B0E2-48A1-BC86-C2DCFDECF236}.Release|x64.Build.0 = Release|x64
		{43A7F8FB-6E5D-4C22-8613-C24AE17F22E0}.Debug|x64.ActiveCfg = Debug|x64
		{43A7F8FB-6E5D-4C22-8613-C24AE17F22E0}.Debug|x64.Build.0 = Debug|x64
		{43A7F8FB-6E5D-4C22-8613-C24AE17F22E0}.Release|x64.ActiveCfg = Release|x64
		{43A7F8FB-6E5D-4C22-8613-C24AE17F22E0}.Release|x64.Build.0 = Release|x64
		{EDF9906A-C36B-4759-9BCF-1BD99E8C8513}.Debug|x64.ActiveCfg = Debug|x64
		{EDF9906A-C36B-4759-9BCF-1BD99E8C8513}.Debug|x64.Build.0 = Debug|x64
		{EDF9906A-C36B-4759-9BCF-1BD99E8C8513}.Release|x64.ActiveCfg = Release|x64
		{EDF9906A-C36B-4759-9BCF-1BD99E8C8513}.Release|x64.Build.0 = Release|x64
		{ACED39FF-7FF8-4702-ABD1-E3F88F58A8B3}.Debug|x64.ActiveCfg = Debug|x64
		{ACED39FF-7FF8-4702-ABD1-E3F88F58A8B3}.Debug|x64.Build.0 = Debug|x64
		{ACED39FF-7FF8-4702-ABD1-E3F88F58A8B3}.Release|x64.ActiveCfg = Release|x64
		{ACED39FF-7FF8-4702-ABD1-E3F88F58A8B3}.Release|x64.Build.0 = Release|x64
		{FDAF69A5-2558-49D3-9D32-EEFDBDFB10C4}.Debug|x64.ActiveCfg = Debug|x64
		{FDAF69A5-2558-49D3-9D32-EEFDBDFB10C4}.Debug|x64.Build.0 = Debug|x64
		{FDAF69A5-2558-49D3-9D32-EEFDBDFB10C4}.Release|x64.ActiveCfg = Release|x64
		{FDAF69A5-2558-49D3-9D32-EEFDBDFB10C4}.Release|x64.Build.0 = Release|x64
		{D04B23BC-9B4A-4E30-B122-3DB846C4C67C}.Debug|x64.ActiveCfg = Debug|x64
		{D04B23BC-9B4A-4E30-B122-3DB846C4C67C}.Debug|x64.Build.0 = Debug|x64
		{D04B23BC-9B4A-4E30-B122-3DB846C4C67C}.Release|x64.ActiveCfg = Release|x64
		{D04B23BC-9B4A-4E30-B122-3DB846C4C67C}.Release|x64.Build.0 = Release|x64
	EndGlobalSection
	GlobalSection(SolutionProperties) = preSolution
		HideSolutionNode = FALSE
	EndGlobalSection
	GlobalSection(NestedProjects) = preSolution
		{09948B0C-E015-4EFA-A5E7-E6C6DB79E2CA} = {8D0AB1E8-68E6-4AE5-9141-26C192AEDF03}
		{26F4E650-ABFD-4499-8A73-6BE2E6D84A26} = {F689290D-DD4F-4D32-88BB-F8D150F2C84D}
		{B0947577-128C-448E-9B40-6B8904FE1F8A} = {F689290D-DD4F-4D32-88BB-F8D150F2C84D}
		{4C7E0AAF-4345-46E4-8705-A2A6234CF086} = {F689290D-DD4F-4D32-88BB-F8D150F2C84D}
		{88A09185-508F-49E8-A204-32E36759031D} = {4C7E0AAF-4345-46E4-8705-A2A6234CF086}
		{944DB8D0-5AB4-44B1-8798-0D95AD43A2A2} = {F689290D-DD4F-4D32-88BB-F8D150F2C84D}
		{7CD33EA8-B341-41A9-8DFF-54209254CE3B} = {F689290D-DD4F-4D32-88BB-F8D150F2C84D}
		{4038BDFE-D38A-44E7-BA5E-9DEBA92BD827} = {F689290D-DD4F-4D32-88BB-F8D150F2C84D}
		{CC31B9A3-C7A1-403D-B935-D8859E5269A4} = {F689290D-DD4F-4D32-88BB-F8D150F2C84D}
		{98080893-51CF-4056-8E00-6957065E14CB} = {F689290D-DD4F-4D32-88BB-F8D150F2C84D}
		{D2D7A34B-DC29-4166-9075-8073047290C2} = {B0947577-128C-448E-9B40-6B8904FE1F8A}
		{912EEF20-8C48-4808-AE1C-B9582226881D} = {4038BDFE-D38A-44E7-BA5E-9DEBA92BD827}
		{40AC1FC2-D71B-4C73-80C5-41D7C38E1DD2} = {98080893-51CF-4056-8E00-6957065E14CB}
		{7450AB81-E48A-4EA7-B6CB-346D8111DDA8} = {98080893-51CF-4056-8E00-6957065E14CB}
		{B2D41C87-BC8E-4F19-A793-6C3374BAEC85} = {98080893-51CF-4056-8E00-6957065E14CB}
		{57D7A4FE-D6CB-465E-9695-8DD31D76CA8E} = {98080893-51CF-4056-8E00-6957065E14CB}
		{3738A14C-B324-4DBA-AC9B-776C383ADDD1} = {F689290D-DD4F-4D32-88BB-F8D150F2C84D}
		{584F120F-FDE7-4F37-A922-D53B7329F5BE} = {98080893-51CF-4056-8E00-6957065E14CB}
		{101A77EF-391F-47E4-BD6A-DC374FB07951} = {98080893-51CF-4056-8E00-6957065E14CB}
		{DCF38E83-A8C3-4A71-A59F-CF258FB72AB4} = {3738A14C-B324-4DBA-AC9B-776C383ADDD1}
		{34457986-EF55-40DD-B8A4-F2B2C228E999} = {98080893-51CF-4056-8E00-6957065E14CB}
		{FDA1B9EA-8DF0-4EF4-BE8C-E79955B0C803} = {26F4E650-ABFD-4499-8A73-6BE2E6D84A26}
		{7BF46785-313D-4C0F-A3B4-932BDB90AD45} = {FDA1B9EA-8DF0-4EF4-BE8C-E79955B0C803}
		{FC8B283F-9521-4B78-B6FE-94943844639B} = {FDA1B9EA-8DF0-4EF4-BE8C-E79955B0C803}
		{F89F107B-B0E2-48A1-BC86-C2DCFDECF236} = {FDA1B9EA-8DF0-4EF4-BE8C-E79955B0C803}
		{43A7F8FB-6E5D-4C22-8613-C24AE17F22E0} = {34457986-EF55-40DD-B8A4-F2B2C228E999}
		{EDF9906A-C36B-4759-9BCF-1BD99E8C8513} = {34457986-EF55-40DD-B8A4-F2B2C228E999}
		{ACED39FF-7FF8-4702-ABD1-E3F88F58A8B3} = {4C7E0AAF-4345-46E4-8705-A2A6234CF086}
		{FDAF69A5-2558-49D3-9D32-EEFDBDFB10C4} = {98080893-51CF-4056-8E00-6957065E14CB}
		{D04B23BC-9B4A-4E30-B122-3DB846C4C67C} = {98080893-51CF-4056-8E00-6957065E14CB}
	EndGlobalSection
	GlobalSection(ExtensibilityGlobals) = postSolution
		SolutionGuid = {58EC826A-F44B-4EAE-BAC7-7E26FB80BFFF}
	EndGlobalSection
EndGlobal
