
Microsoft Visual Studio Solution File, Format Version 12.00
# Visual Studio Version 17
VisualStudioVersion = 17.2.32616.157
MinimumVisualStudioVersion = 10.0.40219.1
Project("{2150E333-8FDC-42A3-9474-1A3956D46DE8}") = "Examples", "Examples", "{8D0AB1E8-68E6-4AE5-9141-26C192AEDF03}"
EndProject
Project("{2150E333-8FDC-42A3-9474-1A3956D46DE8}") = "Libraries", "Libraries", "{F689290D-DD4F-4D32-88BB-F8D150F2C84D}"
EndProject
Project("{2150E333-8FDC-42A3-9474-1A3956D46DE8}") = "Editor", "Editor", "{E762E2BC-B409-4421-A4D1-72292AFC1AA1}"
EndProject
Project("{8BC9CEB8-8B4A-11D0-8D11-00A0C91BC942}") = "Notus", "Examples\Notus\Notus.vcxproj", "{09948B0C-E015-4EFA-A5E7-E6C6DB79E2CA}"
EndProject
Global
	GlobalSection(SolutionConfigurationPlatforms) = preSolution
		Debug|x64 = Debug|x64
		Release|x64 = Release|x64
	EndGlobalSection
	GlobalSection(ProjectConfigurationPlatforms) = postSolution
		{09948B0C-E015-4EFA-A5E7-E6C6DB79E2CA}.Debug|x64.ActiveCfg = Debug|x64
		{09948B0C-E015-4EFA-A5E7-E6C6DB79E2CA}.Debug|x64.Build.0 = Debug|x64
		{09948B0C-E015-4EFA-A5E7-E6C6DB79E2CA}.Release|x64.ActiveCfg = Release|x64
		{09948B0C-E015-4EFA-A5E7-E6C6DB79E2CA}.Release|x64.Build.0 = Release|x64
	EndGlobalSection
	GlobalSection(SolutionProperties) = preSolution
		HideSolutionNode = FALSE
	EndGlobalSection
	GlobalSection(NestedProjects) = preSolution
		{09948B0C-E015-4EFA-A5E7-E6C6DB79E2CA} = {8D0AB1E8-68E6-4AE5-9141-26C192AEDF03}
	EndGlobalSection
	GlobalSection(ExtensibilityGlobals) = postSolution
		SolutionGuid = {58EC826A-F44B-4EAE-BAC7-7E26FB80BFFF}
	EndGlobalSection
EndGlobal
