<?xml version="1.0" encoding="utf-8"?>
<Project ToolsVersion="4.0" xmlns="http://schemas.microsoft.com/developer/msbuild/2003">
  <ItemGroup>
    <Filter Include="Source Files">
      <UniqueIdentifier>{4FC737F1-C7A5-4376-A066-2A32D752A2FF}</UniqueIdentifier>
      <Extensions>cpp;c;cc;cxx;c++;cppm;ixx;def;odl;idl;hpj;bat;asm;asmx</Extensions>
    </Filter>
    <Filter Include="Header Files">
      <UniqueIdentifier>{93995380-89BD-4b04-88EB-625FBE52EBFB}</UniqueIdentifier>
      <Extensions>h;hh;hpp;hxx;h++;hm;inl;inc;ipp;xsd</Extensions>
    </Filter>
    <Filter Include="Resource Files">
      <UniqueIdentifier>{67DA6AB6-F800-4c08-8B7A-83BB121AAD01}</UniqueIdentifier>
      <Extensions>rc;ico;cur;bmp;dlg;rc2;rct;bin;rgs;gif;jpg;jpeg;jpe;resx;tiff;tif;png;wav;mfcribbon-ms</Extensions>
    </Filter>
    <Filter Include="Header Files\Adaptors">
      <UniqueIdentifier>{9538e6c2-59c5-45ec-84dc-657fd5880583}</UniqueIdentifier>
    </Filter>
    <Filter Include="Source Files\Adaptors">
      <UniqueIdentifier>{5f91cd77-6c1f-4086-b84d-75b75ae4c64a}</UniqueIdentifier>
    </Filter>
  </ItemGroup>
  <ItemGroup>
    <ClInclude Include="Source\Public\VulkanGraphicsCommon.h">
      <Filter>Header Files</Filter>
    </ClInclude>
    <ClInclude Include="Source\Public\VulkanAPI.h">
      <Filter>Header Files</Filter>
    </ClInclude>
    <ClInclude Include="Source\Public\Adaptors\VulkanAdaptor.h">
      <Filter>Header Files\Adaptors</Filter>
    </ClInclude>
  </ItemGroup>
  <ItemGroup>
    <ClCompile Include="dllmain.cpp">
      <Filter>Source Files</Filter>
    </ClCompile>
    <ClCompile Include="Source\Private\VulkanAPI.cpp">
      <Filter>Source Files</Filter>
    </ClCompile>
    <ClCompile Include="Source\Private\Adaptors\VulkanAdaptor.cpp">
      <Filter>Source Files\Adaptors</Filter>
    </ClCompile>
  </ItemGroup>
</Project>